
Microsoft Visual Studio Solution File, Format Version 12.00
# Visual Studio Version 17
VisualStudioVersion = 17.0.31903.59
MinimumVisualStudioVersion = 10.0.40219.1
Project("{FAE04EC0-301F-11D3-BF4B-00C04F79EFBC}") = "PizzaFactory.AppHost", "PizzaFactory.AppHost\PizzaFactory.AppHost.csproj", "{F7E402D7-E1B7-42C1-A5EA-7F5921ABD5A3}"
EndProject
Project("{FAE04EC0-301F-11D3-BF4B-00C04F79EFBC}") = "PizzaFactory.ServiceDefaults", "PizzaFactory.ServiceDefaults\PizzaFactory.ServiceDefaults.csproj", "{25DBE570-B6C2-452C-9E3A-83AAC8EDD9C7}"
EndProject
Project("{FAE04EC0-301F-11D3-BF4B-00C04F79EFBC}") = "PizzaFactory.ApiService", "PizzaFactory.ApiService\PizzaFactory.ApiService.csproj", "{EC87C2A6-4BB7-4270-A884-A0B00849A5E5}"
EndProject
Project("{FAE04EC0-301F-11D3-BF4B-00C04F79EFBC}") = "PizzaFactory.Domain", "PizzaFactory.Domain\PizzaFactory.Domain.csproj", "{F80CE4EA-5C44-4305-94B1-FA4B7061568B}"
EndProject
Project("{FAE04EC0-301F-11D3-BF4B-00C04F79EFBC}") = "PizzaFactory.Domain.Tests", "PizzaFactory.Domain.Tests\PizzaFactory.Domain.Tests.csproj", "{FAAAFE56-C44E-45DF-A0E7-95DDE4635B41}"
EndProject
Project("{FAE04EC0-301F-11D3-BF4B-00C04F79EFBC}") = "PizzaFactory.Infrastructure", "PizzaFactory.Infrastructure\PizzaFactory.Infrastructure.csproj", "{2B1B1DDE-94AE-496A-815E-F8B8B0334C00}"
EndProject
Project("{FAE04EC0-301F-11D3-BF4B-00C04F79EFBC}") = "PizzaFactory.Mcp", "PizzaFactory.Mcp\PizzaFactory.Mcp.csproj", "{9182B994-86AD-4515-98BE-744C5692C5BD}"
EndProject
Project("{FAE04EC0-301F-11D3-BF4B-00C04F79EFBC}") = "PizzaFactory.Mcp.Tests", "PizzaFactory.Mcp.Tests\PizzaFactory.Mcp.Tests.csproj", "{F631FAFA-F577-4536-B3F1-7782F29A0C5E}"
EndProject
Project("{FAE04EC0-301F-11D3-BF4B-00C04F79EFBC}") = "PizzaFactory.Safety", "PizzaFactory.Safety\PizzaFactory.Safety.csproj", "{69814A55-FAC6-4C22-A722-BC859F327DFA}"
EndProject
Project("{FAE04EC0-301F-11D3-BF4B-00C04F79EFBC}") = "PizzaFactory.Safety.Tests", "PizzaFactory.Safety.Tests\PizzaFactory.Safety.Tests.csproj", "{5206AE57-F1F8-40C3-A96A-DB8029068409}"
EndProject
Project("{FAE04EC0-301F-11D3-BF4B-00C04F79EFBC}") = "PizzaFactory.Infrastructure.IntegrationTests", "PizzaFactory.Infrastructure.IntegrationTests\PizzaFactory.Infrastructure.IntegrationTests.csproj", "{D5C2EE9C-B2BB-4BFF-A8E4-AB534D2E3F93}"
EndProject
Project("{FAE04EC0-301F-11D3-BF4B-00C04F79EFBC}") = "PizzaFactory.Factory", "PizzaFactory.Factory\PizzaFactory.Factory.csproj", "{FFEB7AE7-5B36-4696-83E5-10E97EF1F556}"
EndProject
Project("{FAE04EC0-301F-11D3-BF4B-00C04F79EFBC}") = "PizzaFactory.Factory.Tests", "PizzaFactory.Factory.Tests\PizzaFactory.Factory.Tests.csproj", "{1347293A-0DA7-4728-A063-0BA87C8F7BC3}"
EndProject
Project("{FAE04EC0-301F-11D3-BF4B-00C04F79EFBC}") = "PizzaFactory.FrontOfHouse", "PizzaFactory.FrontOfHouse\PizzaFactory.FrontOfHouse.csproj", "{5C730938-6B9C-4255-9974-5B3E50FAACD4}"
EndProject
Project("{FAE04EC0-301F-11D3-BF4B-00C04F79EFBC}") = "PizzaFactory.FrontOfHouse.Tests", "PizzaFactory.FrontOfHouse.Tests\PizzaFactory.FrontOfHouse.Tests.csproj", "{50F652E7-0E56-4A40-9170-16D6854A8102}"
EndProject
Project("{FAE04EC0-301F-11D3-BF4B-00C04F79EFBC}") = "PizzaFactory.Supplier", "PizzaFactory.Supplier\PizzaFactory.Supplier.csproj", "{0E0276E9-6A42-4B0D-BE3F-7C97CB2A554E}"
EndProject
Project("{FAE04EC0-301F-11D3-BF4B-00C04F79EFBC}") = "PizzaFactory.Supplier.Tests", "PizzaFactory.Supplier.Tests\PizzaFactory.Supplier.Tests.csproj", "{80D0200F-85BF-4A17-94E2-3047FCC89CDD}"
EndProject
Project("{FAE04EC0-301F-11D3-BF4B-00C04F79EFBC}") = "PizzaFactory.Web", "PizzaFactory.Web\PizzaFactory.Web.csproj", "{2B735AE9-383E-4389-A738-4FC6505FA483}"
EndProject
Project("{FAE04EC0-301F-11D3-BF4B-00C04F79EFBC}") = "PizzaFactory.Giuseppe", "PizzaFactory.Giuseppe\PizzaFactory.Giuseppe.csproj", "{7ACEC205-EC5D-4993-AD36-F8AD1E4CA929}"
EndProject
Project("{FAE04EC0-301F-11D3-BF4B-00C04F79EFBC}") = "PizzaFactory.Giuseppe.Tests", "PizzaFactory.Giuseppe.Tests\PizzaFactory.Giuseppe.Tests.csproj", "{4EB2918A-7DE4-4B9A-8606-C6F24529BA75}"
EndProject
Project("{FAE04EC0-301F-11D3-BF4B-00C04F79EFBC}") = "PizzaFactory.GiuseppeBot", "PizzaFactory.GiuseppeBot\PizzaFactory.GiuseppeBot.csproj", "{8E93DD51-F64C-4B05-8480-838AC4A759A5}"
EndProject
Global
	GlobalSection(SolutionConfigurationPlatforms) = preSolution
		Debug|Any CPU = Debug|Any CPU
		Debug|x64 = Debug|x64
		Debug|x86 = Debug|x86
		Release|Any CPU = Release|Any CPU
		Release|x64 = Release|x64
		Release|x86 = Release|x86
	EndGlobalSection
	GlobalSection(ProjectConfigurationPlatforms) = postSolution
		{F7E402D7-E1B7-42C1-A5EA-7F5921ABD5A3}.Debug|Any CPU.ActiveCfg = Debug|Any CPU
		{F7E402D7-E1B7-42C1-A5EA-7F5921ABD5A3}.Debug|Any CPU.Build.0 = Debug|Any CPU
		{F7E402D7-E1B7-42C1-A5EA-7F5921ABD5A3}.Debug|x64.ActiveCfg = Debug|Any CPU
		{F7E402D7-E1B7-42C1-A5EA-7F5921ABD5A3}.Debug|x64.Build.0 = Debug|Any CPU
		{F7E402D7-E1B7-42C1-A5EA-7F5921ABD5A3}.Debug|x86.ActiveCfg = Debug|Any CPU
		{F7E402D7-E1B7-42C1-A5EA-7F5921ABD5A3}.Debug|x86.Build.0 = Debug|Any CPU
		{F7E402D7-E1B7-42C1-A5EA-7F5921ABD5A3}.Release|Any CPU.ActiveCfg = Release|Any CPU
		{F7E402D7-E1B7-42C1-A5EA-7F5921ABD5A3}.Release|Any CPU.Build.0 = Release|Any CPU
		{F7E402D7-E1B7-42C1-A5EA-7F5921ABD5A3}.Release|x64.ActiveCfg = Release|Any CPU
		{F7E402D7-E1B7-42C1-A5EA-7F5921ABD5A3}.Release|x64.Build.0 = Release|Any CPU
		{F7E402D7-E1B7-42C1-A5EA-7F5921ABD5A3}.Release|x86.ActiveCfg = Release|Any CPU
		{F7E402D7-E1B7-42C1-A5EA-7F5921ABD5A3}.Release|x86.Build.0 = Release|Any CPU
		{25DBE570-B6C2-452C-9E3A-83AAC8EDD9C7}.Debug|Any CPU.ActiveCfg = Debug|Any CPU
		{25DBE570-B6C2-452C-9E3A-83AAC8EDD9C7}.Debug|Any CPU.Build.0 = Debug|Any CPU
		{25DBE570-B6C2-452C-9E3A-83AAC8EDD9C7}.Debug|x64.ActiveCfg = Debug|Any CPU
		{25DBE570-B6C2-452C-9E3A-83AAC8EDD9C7}.Debug|x64.Build.0 = Debug|Any CPU
		{25DBE570-B6C2-452C-9E3A-83AAC8EDD9C7}.Debug|x86.ActiveCfg = Debug|Any CPU
		{25DBE570-B6C2-452C-9E3A-83AAC8EDD9C7}.Debug|x86.Build.0 = Debug|Any CPU
		{25DBE570-B6C2-452C-9E3A-83AAC8EDD9C7}.Release|Any CPU.ActiveCfg = Release|Any CPU
		{25DBE570-B6C2-452C-9E3A-83AAC8EDD9C7}.Release|Any CPU.Build.0 = Release|Any CPU
		{25DBE570-B6C2-452C-9E3A-83AAC8EDD9C7}.Release|x64.ActiveCfg = Release|Any CPU
		{25DBE570-B6C2-452C-9E3A-83AAC8EDD9C7}.Release|x64.Build.0 = Release|Any CPU
		{25DBE570-B6C2-452C-9E3A-83AAC8EDD9C7}.Release|x86.ActiveCfg = Release|Any CPU
		{25DBE570-B6C2-452C-9E3A-83AAC8EDD9C7}.Release|x86.Build.0 = Release|Any CPU
		{EC87C2A6-4BB7-4270-A884-A0B00849A5E5}.Debug|Any CPU.ActiveCfg = Debug|Any CPU
		{EC87C2A6-4BB7-4270-A884-A0B00849A5E5}.Debug|Any CPU.Build.0 = Debug|Any CPU
		{EC87C2A6-4BB7-4270-A884-A0B00849A5E5}.Debug|x64.ActiveCfg = Debug|Any CPU
		{EC87C2A6-4BB7-4270-A884-A0B00849A5E5}.Debug|x64.Build.0 = Debug|Any CPU
		{EC87C2A6-4BB7-4270-A884-A0B00849A5E5}.Debug|x86.ActiveCfg = Debug|Any CPU
		{EC87C2A6-4BB7-4270-A884-A0B00849A5E5}.Debug|x86.Build.0 = Debug|Any CPU
		{EC87C2A6-4BB7-4270-A884-A0B00849A5E5}.Release|Any CPU.ActiveCfg = Release|Any CPU
		{EC87C2A6-4BB7-4270-A884-A0B00849A5E5}.Release|Any CPU.Build.0 = Release|Any CPU
		{EC87C2A6-4BB7-4270-A884-A0B00849A5E5}.Release|x64.ActiveCfg = Release|Any CPU
		{EC87C2A6-4BB7-4270-A884-A0B00849A5E5}.Release|x64.Build.0 = Release|Any CPU
		{EC87C2A6-4BB7-4270-A884-A0B00849A5E5}.Release|x86.ActiveCfg = Release|Any CPU
		{EC87C2A6-4BB7-4270-A884-A0B00849A5E5}.Release|x86.Build.0 = Release|Any CPU
		{F80CE4EA-5C44-4305-94B1-FA4B7061568B}.Debug|Any CPU.ActiveCfg = Debug|Any CPU
		{F80CE4EA-5C44-4305-94B1-FA4B7061568B}.Debug|Any CPU.Build.0 = Debug|Any CPU
		{F80CE4EA-5C44-4305-94B1-FA4B7061568B}.Debug|x64.ActiveCfg = Debug|Any CPU
		{F80CE4EA-5C44-4305-94B1-FA4B7061568B}.Debug|x64.Build.0 = Debug|Any CPU
		{F80CE4EA-5C44-4305-94B1-FA4B7061568B}.Debug|x86.ActiveCfg = Debug|Any CPU
		{F80CE4EA-5C44-4305-94B1-FA4B7061568B}.Debug|x86.Build.0 = Debug|Any CPU
		{F80CE4EA-5C44-4305-94B1-FA4B7061568B}.Release|Any CPU.ActiveCfg = Release|Any CPU
		{F80CE4EA-5C44-4305-94B1-FA4B7061568B}.Release|Any CPU.Build.0 = Release|Any CPU
		{F80CE4EA-5C44-4305-94B1-FA4B7061568B}.Release|x64.ActiveCfg = Release|Any CPU
		{F80CE4EA-5C44-4305-94B1-FA4B7061568B}.Release|x64.Build.0 = Release|Any CPU
		{F80CE4EA-5C44-4305-94B1-FA4B7061568B}.Release|x86.ActiveCfg = Release|Any CPU
		{F80CE4EA-5C44-4305-94B1-FA4B7061568B}.Release|x86.Build.0 = Release|Any CPU
		{FAAAFE56-C44E-45DF-A0E7-95DDE4635B41}.Debug|Any CPU.ActiveCfg = Debug|Any CPU
		{FAAAFE56-C44E-45DF-A0E7-95DDE4635B41}.Debug|Any CPU.Build.0 = Debug|Any CPU
		{FAAAFE56-C44E-45DF-A0E7-95DDE4635B41}.Debug|x64.ActiveCfg = Debug|Any CPU
		{FAAAFE56-C44E-45DF-A0E7-95DDE4635B41}.Debug|x64.Build.0 = Debug|Any CPU
		{FAAAFE56-C44E-45DF-A0E7-95DDE4635B41}.Debug|x86.ActiveCfg = Debug|Any CPU
		{FAAAFE56-C44E-45DF-A0E7-95DDE4635B41}.Debug|x86.Build.0 = Debug|Any CPU
		{FAAAFE56-C44E-45DF-A0E7-95DDE4635B41}.Release|Any CPU.ActiveCfg = Release|Any CPU
		{FAAAFE56-C44E-45DF-A0E7-95DDE4635B41}.Release|Any CPU.Build.0 = Release|Any CPU
		{FAAAFE56-C44E-45DF-A0E7-95DDE4635B41}.Release|x64.ActiveCfg = Release|Any CPU
		{FAAAFE56-C44E-45DF-A0E7-95DDE4635B41}.Release|x64.Build.0 = Release|Any CPU
		{FAAAFE56-C44E-45DF-A0E7-95DDE4635B41}.Release|x86.ActiveCfg = Release|Any CPU
		{FAAAFE56-C44E-45DF-A0E7-95DDE4635B41}.Release|x86.Build.0 = Release|Any CPU
		{2B1B1DDE-94AE-496A-815E-F8B8B0334C00}.Debug|Any CPU.ActiveCfg = Debug|Any CPU
		{2B1B1DDE-94AE-496A-815E-F8B8B0334C00}.Debug|Any CPU.Build.0 = Debug|Any CPU
		{2B1B1DDE-94AE-496A-815E-F8B8B0334C00}.Debug|x64.ActiveCfg = Debug|Any CPU
		{2B1B1DDE-94AE-496A-815E-F8B8B0334C00}.Debug|x64.Build.0 = Debug|Any CPU
		{2B1B1DDE-94AE-496A-815E-F8B8B0334C00}.Debug|x86.ActiveCfg = Debug|Any CPU
		{2B1B1DDE-94AE-496A-815E-F8B8B0334C00}.Debug|x86.Build.0 = Debug|Any CPU
		{2B1B1DDE-94AE-496A-815E-F8B8B0334C00}.Release|Any CPU.ActiveCfg = Release|Any CPU
		{2B1B1DDE-94AE-496A-815E-F8B8B0334C00}.Release|Any CPU.Build.0 = Release|Any CPU
		{2B1B1DDE-94AE-496A-815E-F8B8B0334C00}.Release|x64.ActiveCfg = Release|Any CPU
		{2B1B1DDE-94AE-496A-815E-F8B8B0334C00}.Release|x64.Build.0 = Release|Any CPU
		{2B1B1DDE-94AE-496A-815E-F8B8B0334C00}.Release|x86.ActiveCfg = Release|Any CPU
		{2B1B1DDE-94AE-496A-815E-F8B8B0334C00}.Release|x86.Build.0 = Release|Any CPU
		{9182B994-86AD-4515-98BE-744C5692C5BD}.Debug|Any CPU.ActiveCfg = Debug|Any CPU
		{9182B994-86AD-4515-98BE-744C5692C5BD}.Debug|Any CPU.Build.0 = Debug|Any CPU
		{9182B994-86AD-4515-98BE-744C5692C5BD}.Debug|x64.ActiveCfg = Debug|Any CPU
		{9182B994-86AD-4515-98BE-744C5692C5BD}.Debug|x64.Build.0 = Debug|Any CPU
		{9182B994-86AD-4515-98BE-744C5692C5BD}.Debug|x86.ActiveCfg = Debug|Any CPU
		{9182B994-86AD-4515-98BE-744C5692C5BD}.Debug|x86.Build.0 = Debug|Any CPU
		{9182B994-86AD-4515-98BE-744C5692C5BD}.Release|Any CPU.ActiveCfg = Release|Any CPU
		{9182B994-86AD-4515-98BE-744C5692C5BD}.Release|Any CPU.Build.0 = Release|Any CPU
		{9182B994-86AD-4515-98BE-744C5692C5BD}.Release|x64.ActiveCfg = Release|Any CPU
		{9182B994-86AD-4515-98BE-744C5692C5BD}.Release|x64.Build.0 = Release|Any CPU
		{9182B994-86AD-4515-98BE-744C5692C5BD}.Release|x86.ActiveCfg = Release|Any CPU
		{9182B994-86AD-4515-98BE-744C5692C5BD}.Release|x86.Build.0 = Release|Any CPU
		{F631FAFA-F577-4536-B3F1-7782F29A0C5E}.Debug|Any CPU.ActiveCfg = Debug|Any CPU
		{F631FAFA-F577-4536-B3F1-7782F29A0C5E}.Debug|Any CPU.Build.0 = Debug|Any CPU
		{F631FAFA-F577-4536-B3F1-7782F29A0C5E}.Debug|x64.ActiveCfg = Debug|Any CPU
		{F631FAFA-F577-4536-B3F1-7782F29A0C5E}.Debug|x64.Build.0 = Debug|Any CPU
		{F631FAFA-F577-4536-B3F1-7782F29A0C5E}.Debug|x86.ActiveCfg = Debug|Any CPU
		{F631FAFA-F577-4536-B3F1-7782F29A0C5E}.Debug|x86.Build.0 = Debug|Any CPU
		{F631FAFA-F577-4536-B3F1-7782F29A0C5E}.Release|Any CPU.ActiveCfg = Release|Any CPU
		{F631FAFA-F577-4536-B3F1-7782F29A0C5E}.Release|Any CPU.Build.0 = Release|Any CPU
		{F631FAFA-F577-4536-B3F1-7782F29A0C5E}.Release|x64.ActiveCfg = Release|Any CPU
		{F631FAFA-F577-4536-B3F1-7782F29A0C5E}.Release|x64.Build.0 = Release|Any CPU
		{F631FAFA-F577-4536-B3F1-7782F29A0C5E}.Release|x86.ActiveCfg = Release|Any CPU
		{F631FAFA-F577-4536-B3F1-7782F29A0C5E}.Release|x86.Build.0 = Release|Any CPU
		{69814A55-FAC6-4C22-A722-BC859F327DFA}.Debug|Any CPU.ActiveCfg = Debug|Any CPU
		{69814A55-FAC6-4C22-A722-BC859F327DFA}.Debug|Any CPU.Build.0 = Debug|Any CPU
		{69814A55-FAC6-4C22-A722-BC859F327DFA}.Debug|x64.ActiveCfg = Debug|Any CPU
		{69814A55-FAC6-4C22-A722-BC859F327DFA}.Debug|x64.Build.0 = Debug|Any CPU
		{69814A55-FAC6-4C22-A722-BC859F327DFA}.Debug|x86.ActiveCfg = Debug|Any CPU
		{69814A55-FAC6-4C22-A722-BC859F327DFA}.Debug|x86.Build.0 = Debug|Any CPU
		{69814A55-FAC6-4C22-A722-BC859F327DFA}.Release|Any CPU.ActiveCfg = Release|Any CPU
		{69814A55-FAC6-4C22-A722-BC859F327DFA}.Release|Any CPU.Build.0 = Release|Any CPU
		{69814A55-FAC6-4C22-A722-BC859F327DFA}.Release|x64.ActiveCfg = Release|Any CPU
		{69814A55-FAC6-4C22-A722-BC859F327DFA}.Release|x64.Build.0 = Release|Any CPU
		{69814A55-FAC6-4C22-A722-BC859F327DFA}.Release|x86.ActiveCfg = Release|Any CPU
		{69814A55-FAC6-4C22-A722-BC859F327DFA}.Release|x86.Build.0 = Release|Any CPU
		{5206AE57-F1F8-40C3-A96A-DB8029068409}.Debug|Any CPU.ActiveCfg = Debug|Any CPU
		{5206AE57-F1F8-40C3-A96A-DB8029068409}.Debug|Any CPU.Build.0 = Debug|Any CPU
		{5206AE57-F1F8-40C3-A96A-DB8029068409}.Debug|x64.ActiveCfg = Debug|Any CPU
		{5206AE57-F1F8-40C3-A96A-DB8029068409}.Debug|x64.Build.0 = Debug|Any CPU
		{5206AE57-F1F8-40C3-A96A-DB8029068409}.Debug|x86.ActiveCfg = Debug|Any CPU
		{5206AE57-F1F8-40C3-A96A-DB8029068409}.Debug|x86.Build.0 = Debug|Any CPU
		{5206AE57-F1F8-40C3-A96A-DB8029068409}.Release|Any CPU.ActiveCfg = Release|Any CPU
		{5206AE57-F1F8-40C3-A96A-DB8029068409}.Release|Any CPU.Build.0 = Release|Any CPU
		{5206AE57-F1F8-40C3-A96A-DB8029068409}.Release|x64.ActiveCfg = Release|Any CPU
		{5206AE57-F1F8-40C3-A96A-DB8029068409}.Release|x64.Build.0 = Release|Any CPU
		{5206AE57-F1F8-40C3-A96A-DB8029068409}.Release|x86.ActiveCfg = Release|Any CPU
		{5206AE57-F1F8-40C3-A96A-DB8029068409}.Release|x86.Build.0 = Release|Any CPU
		{D5C2EE9C-B2BB-4BFF-A8E4-AB534D2E3F93}.Debug|Any CPU.ActiveCfg = Debug|Any CPU
		{D5C2EE9C-B2BB-4BFF-A8E4-AB534D2E3F93}.Debug|Any CPU.Build.0 = Debug|Any CPU
		{D5C2EE9C-B2BB-4BFF-A8E4-AB534D2E3F93}.Debug|x64.ActiveCfg = Debug|Any CPU
		{D5C2EE9C-B2BB-4BFF-A8E4-AB534D2E3F93}.Debug|x64.Build.0 = Debug|Any CPU
		{D5C2EE9C-B2BB-4BFF-A8E4-AB534D2E3F93}.Debug|x86.ActiveCfg = Debug|Any CPU
		{D5C2EE9C-B2BB-4BFF-A8E4-AB534D2E3F93}.Debug|x86.Build.0 = Debug|Any CPU
		{D5C2EE9C-B2BB-4BFF-A8E4-AB534D2E3F93}.Release|Any CPU.ActiveCfg = Release|Any CPU
		{D5C2EE9C-B2BB-4BFF-A8E4-AB534D2E3F93}.Release|Any CPU.Build.0 = Release|Any CPU
		{D5C2EE9C-B2BB-4BFF-A8E4-AB534D2E3F93}.Release|x64.ActiveCfg = Release|Any CPU
		{D5C2EE9C-B2BB-4BFF-A8E4-AB534D2E3F93}.Release|x64.Build.0 = Release|Any CPU
		{D5C2EE9C-B2BB-4BFF-A8E4-AB534D2E3F93}.Release|x86.ActiveCfg = Release|Any CPU
		{D5C2EE9C-B2BB-4BFF-A8E4-AB534D2E3F93}.Release|x86.Build.0 = Release|Any CPU
		{FFEB7AE7-5B36-4696-83E5-10E97EF1F556}.Debug|Any CPU.ActiveCfg = Debug|Any CPU
		{FFEB7AE7-5B36-4696-83E5-10E97EF1F556}.Debug|Any CPU.Build.0 = Debug|Any CPU
		{FFEB7AE7-5B36-4696-83E5-10E97EF1F556}.Debug|x64.ActiveCfg = Debug|Any CPU
		{FFEB7AE7-5B36-4696-83E5-10E97EF1F556}.Debug|x64.Build.0 = Debug|Any CPU
		{FFEB7AE7-5B36-4696-83E5-10E97EF1F556}.Debug|x86.ActiveCfg = Debug|Any CPU
		{FFEB7AE7-5B36-4696-83E5-10E97EF1F556}.Debug|x86.Build.0 = Debug|Any CPU
		{FFEB7AE7-5B36-4696-83E5-10E97EF1F556}.Release|Any CPU.ActiveCfg = Release|Any CPU
		{FFEB7AE7-5B36-4696-83E5-10E97EF1F556}.Release|Any CPU.Build.0 = Release|Any CPU
		{FFEB7AE7-5B36-4696-83E5-10E97EF1F556}.Release|x64.ActiveCfg = Release|Any CPU
		{FFEB7AE7-5B36-4696-83E5-10E97EF1F556}.Release|x64.Build.0 = Release|Any CPU
		{FFEB7AE7-5B36-4696-83E5-10E97EF1F556}.Release|x86.ActiveCfg = Release|Any CPU
		{FFEB7AE7-5B36-4696-83E5-10E97EF1F556}.Release|x86.Build.0 = Release|Any CPU
		{1347293A-0DA7-4728-A063-0BA87C8F7BC3}.Debug|Any CPU.ActiveCfg = Debug|Any CPU
		{1347293A-0DA7-4728-A063-0BA87C8F7BC3}.Debug|Any CPU.Build.0 = Debug|Any CPU
		{1347293A-0DA7-4728-A063-0BA87C8F7BC3}.Debug|x64.ActiveCfg = Debug|Any CPU
		{1347293A-0DA7-4728-A063-0BA87C8F7BC3}.Debug|x64.Build.0 = Debug|Any CPU
		{1347293A-0DA7-4728-A063-0BA87C8F7BC3}.Debug|x86.ActiveCfg = Debug|Any CPU
		{1347293A-0DA7-4728-A063-0BA87C8F7BC3}.Debug|x86.Build.0 = Debug|Any CPU
		{1347293A-0DA7-4728-A063-0BA87C8F7BC3}.Release|Any CPU.ActiveCfg = Release|Any CPU
		{1347293A-0DA7-4728-A063-0BA87C8F7BC3}.Release|Any CPU.Build.0 = Release|Any CPU
		{1347293A-0DA7-4728-A063-0BA87C8F7BC3}.Release|x64.ActiveCfg = Release|Any CPU
		{1347293A-0DA7-4728-A063-0BA87C8F7BC3}.Release|x64.Build.0 = Release|Any CPU
		{1347293A-0DA7-4728-A063-0BA87C8F7BC3}.Release|x86.ActiveCfg = Release|Any CPU
		{1347293A-0DA7-4728-A063-0BA87C8F7BC3}.Release|x86.Build.0 = Release|Any CPU
		{5C730938-6B9C-4255-9974-5B3E50FAACD4}.Debug|Any CPU.ActiveCfg = Debug|Any CPU
		{5C730938-6B9C-4255-9974-5B3E50FAACD4}.Debug|Any CPU.Build.0 = Debug|Any CPU
		{5C730938-6B9C-4255-9974-5B3E50FAACD4}.Debug|x64.ActiveCfg = Debug|Any CPU
		{5C730938-6B9C-4255-9974-5B3E50FAACD4}.Debug|x64.Build.0 = Debug|Any CPU
		{5C730938-6B9C-4255-9974-5B3E50FAACD4}.Debug|x86.ActiveCfg = Debug|Any CPU
		{5C730938-6B9C-4255-9974-5B3E50FAACD4}.Debug|x86.Build.0 = Debug|Any CPU
		{5C730938-6B9C-4255-9974-5B3E50FAACD4}.Release|Any CPU.ActiveCfg = Release|Any CPU
		{5C730938-6B9C-4255-9974-5B3E50FAACD4}.Release|Any CPU.Build.0 = Release|Any CPU
		{5C730938-6B9C-4255-9974-5B3E50FAACD4}.Release|x64.ActiveCfg = Release|Any CPU
		{5C730938-6B9C-4255-9974-5B3E50FAACD4}.Release|x64.Build.0 = Release|Any CPU
		{5C730938-6B9C-4255-9974-5B3E50FAACD4}.Release|x86.ActiveCfg = Release|Any CPU
		{5C730938-6B9C-4255-9974-5B3E50FAACD4}.Release|x86.Build.0 = Release|Any CPU
		{50F652E7-0E56-4A40-9170-16D6854A8102}.Debug|Any CPU.ActiveCfg = Debug|Any CPU
		{50F652E7-0E56-4A40-9170-16D6854A8102}.Debug|Any CPU.Build.0 = Debug|Any CPU
		{50F652E7-0E56-4A40-9170-16D6854A8102}.Debug|x64.ActiveCfg = Debug|Any CPU
		{50F652E7-0E56-4A40-9170-16D6854A8102}.Debug|x64.Build.0 = Debug|Any CPU
		{50F652E7-0E56-4A40-9170-16D6854A8102}.Debug|x86.ActiveCfg = Debug|Any CPU
		{50F652E7-0E56-4A40-9170-16D6854A8102}.Debug|x86.Build.0 = Debug|Any CPU
		{50F652E7-0E56-4A40-9170-16D6854A8102}.Release|Any CPU.ActiveCfg = Release|Any CPU
		{50F652E7-0E56-4A40-9170-16D6854A8102}.Release|Any CPU.Build.0 = Release|Any CPU
		{50F652E7-0E56-4A40-9170-16D6854A8102}.Release|x64.ActiveCfg = Release|Any CPU
		{50F652E7-0E56-4A40-9170-16D6854A8102}.Release|x64.Build.0 = Release|Any CPU
		{50F652E7-0E56-4A40-9170-16D6854A8102}.Release|x86.ActiveCfg = Release|Any CPU
		{50F652E7-0E56-4A40-9170-16D6854A8102}.Release|x86.Build.0 = Release|Any CPU
		{0E0276E9-6A42-4B0D-BE3F-7C97CB2A554E}.Debug|Any CPU.ActiveCfg = Debug|Any CPU
		{0E0276E9-6A42-4B0D-BE3F-7C97CB2A554E}.Debug|Any CPU.Build.0 = Debug|Any CPU
		{0E0276E9-6A42-4B0D-BE3F-7C97CB2A554E}.Debug|x64.ActiveCfg = Debug|Any CPU
		{0E0276E9-6A42-4B0D-BE3F-7C97CB2A554E}.Debug|x64.Build.0 = Debug|Any CPU
		{0E0276E9-6A42-4B0D-BE3F-7C97CB2A554E}.Debug|x86.ActiveCfg = Debug|Any CPU
		{0E0276E9-6A42-4B0D-BE3F-7C97CB2A554E}.Debug|x86.Build.0 = Debug|Any CPU
		{0E0276E9-6A42-4B0D-BE3F-7C97CB2A554E}.Release|Any CPU.ActiveCfg = Release|Any CPU
		{0E0276E9-6A42-4B0D-BE3F-7C97CB2A554E}.Release|Any CPU.Build.0 = Release|Any CPU
		{0E0276E9-6A42-4B0D-BE3F-7C97CB2A554E}.Release|x64.ActiveCfg = Release|Any CPU
		{0E0276E9-6A42-4B0D-BE3F-7C97CB2A554E}.Release|x64.Build.0 = Release|Any CPU
		{0E0276E9-6A42-4B0D-BE3F-7C97CB2A554E}.Release|x86.ActiveCfg = Release|Any CPU
		{0E0276E9-6A42-4B0D-BE3F-7C97CB2A554E}.Release|x86.Build.0 = Release|Any CPU
		{80D0200F-85BF-4A17-94E2-3047FCC89CDD}.Debug|Any CPU.ActiveCfg = Debug|Any CPU
		{80D0200F-85BF-4A17-94E2-3047FCC89CDD}.Debug|Any CPU.Build.0 = Debug|Any CPU
		{80D0200F-85BF-4A17-94E2-3047FCC89CDD}.Debug|x64.ActiveCfg = Debug|Any CPU
		{80D0200F-85BF-4A17-94E2-3047FCC89CDD}.Debug|x64.Build.0 = Debug|Any CPU
		{80D0200F-85BF-4A17-94E2-3047FCC89CDD}.Debug|x86.ActiveCfg = Debug|Any CPU
		{80D0200F-85BF-4A17-94E2-3047FCC89CDD}.Debug|x86.Build.0 = Debug|Any CPU
		{80D0200F-85BF-4A17-94E2-3047FCC89CDD}.Release|Any CPU.ActiveCfg = Release|Any CPU
		{80D0200F-85BF-4A17-94E2-3047FCC89CDD}.Release|Any CPU.Build.0 = Release|Any CPU
		{80D0200F-85BF-4A17-94E2-3047FCC89CDD}.Release|x64.ActiveCfg = Release|Any CPU
		{80D0200F-85BF-4A17-94E2-3047FCC89CDD}.Release|x64.Build.0 = Release|Any CPU
		{80D0200F-85BF-4A17-94E2-3047FCC89CDD}.Release|x86.ActiveCfg = Release|Any CPU
		{80D0200F-85BF-4A17-94E2-3047FCC89CDD}.Release|x86.Build.0 = Release|Any CPU
		{2B735AE9-383E-4389-A738-4FC6505FA483}.Debug|Any CPU.ActiveCfg = Debug|Any CPU
		{2B735AE9-383E-4389-A738-4FC6505FA483}.Debug|Any CPU.Build.0 = Debug|Any CPU
		{2B735AE9-383E-4389-A738-4FC6505FA483}.Debug|x64.ActiveCfg = Debug|Any CPU
		{2B735AE9-383E-4389-A738-4FC6505FA483}.Debug|x64.Build.0 = Debug|Any CPU
		{2B735AE9-383E-4389-A738-4FC6505FA483}.Debug|x86.ActiveCfg = Debug|Any CPU
		{2B735AE9-383E-4389-A738-4FC6505FA483}.Debug|x86.Build.0 = Debug|Any CPU
		{2B735AE9-383E-4389-A738-4FC6505FA483}.Release|Any CPU.ActiveCfg = Release|Any CPU
		{2B735AE9-383E-4389-A738-4FC6505FA483}.Release|Any CPU.Build.0 = Release|Any CPU
		{2B735AE9-383E-4389-A738-4FC6505FA483}.Release|x64.ActiveCfg = Release|Any CPU
		{2B735AE9-383E-4389-A738-4FC6505FA483}.Release|x64.Build.0 = Release|Any CPU
		{2B735AE9-383E-4389-A738-4FC6505FA483}.Release|x86.ActiveCfg = Release|Any CPU
		{2B735AE9-383E-4389-A738-4FC6505FA483}.Release|x86.Build.0 = Release|Any CPU
		{7ACEC205-EC5D-4993-AD36-F8AD1E4CA929}.Debug|Any CPU.ActiveCfg = Debug|Any CPU
		{7ACEC205-EC5D-4993-AD36-F8AD1E4CA929}.Debug|Any CPU.Build.0 = Debug|Any CPU
		{7ACEC205-EC5D-4993-AD36-F8AD1E4CA929}.Debug|x64.ActiveCfg = Debug|Any CPU
		{7ACEC205-EC5D-4993-AD36-F8AD1E4CA929}.Debug|x64.Build.0 = Debug|Any CPU
		{7ACEC205-EC5D-4993-AD36-F8AD1E4CA929}.Debug|x86.ActiveCfg = Debug|Any CPU
		{7ACEC205-EC5D-4993-AD36-F8AD1E4CA929}.Debug|x86.Build.0 = Debug|Any CPU
		{7ACEC205-EC5D-4993-AD36-F8AD1E4CA929}.Release|Any CPU.ActiveCfg = Release|Any CPU
		{7ACEC205-EC5D-4993-AD36-F8AD1E4CA929}.Release|Any CPU.Build.0 = Release|Any CPU
		{7ACEC205-EC5D-4993-AD36-F8AD1E4CA929}.Release|x64.ActiveCfg = Release|Any CPU
		{7ACEC205-EC5D-4993-AD36-F8AD1E4CA929}.Release|x64.Build.0 = Release|Any CPU
		{7ACEC205-EC5D-4993-AD36-F8AD1E4CA929}.Release|x86.ActiveCfg = Release|Any CPU
		{7ACEC205-EC5D-4993-AD36-F8AD1E4CA929}.Release|x86.Build.0 = Release|Any CPU
		{4EB2918A-7DE4-4B9A-8606-C6F24529BA75}.Debug|Any CPU.ActiveCfg = Debug|Any CPU
		{4EB2918A-7DE4-4B9A-8606-C6F24529BA75}.Debug|Any CPU.Build.0 = Debug|Any CPU
		{4EB2918A-7DE4-4B9A-8606-C6F24529BA75}.Debug|x64.ActiveCfg = Debug|Any CPU
		{4EB2918A-7DE4-4B9A-8606-C6F24529BA75}.Debug|x64.Build.0 = Debug|Any CPU
		{4EB2918A-7DE4-4B9A-8606-C6F24529BA75}.Debug|x86.ActiveCfg = Debug|Any CPU
		{4EB2918A-7DE4-4B9A-8606-C6F24529BA75}.Debug|x86.Build.0 = Debug|Any CPU
		{4EB2918A-7DE4-4B9A-8606-C6F24529BA75}.Release|Any CPU.ActiveCfg = Release|Any CPU
		{4EB2918A-7DE4-4B9A-8606-C6F24529BA75}.Release|Any CPU.Build.0 = Release|Any CPU
		{4EB2918A-7DE4-4B9A-8606-C6F24529BA75}.Release|x64.ActiveCfg = Release|Any CPU
		{4EB2918A-7DE4-4B9A-8606-C6F24529BA75}.Release|x64.Build.0 = Release|Any CPU
		{4EB2918A-7DE4-4B9A-8606-C6F24529BA75}.Release|x86.ActiveCfg = Release|Any CPU
		{4EB2918A-7DE4-4B9A-8606-C6F24529BA75}.Release|x86.Build.0 = Release|Any CPU
		{8E93DD51-F64C-4B05-8480-838AC4A759A5}.Debug|Any CPU.ActiveCfg = Debug|Any CPU
		{8E93DD51-F64C-4B05-8480-838AC4A759A5}.Debug|Any CPU.Build.0 = Debug|Any CPU
		{8E93DD51-F64C-4B05-8480-838AC4A759A5}.Debug|x64.ActiveCfg = Debug|Any CPU
		{8E93DD51-F64C-4B05-8480-838AC4A759A5}.Debug|x64.Build.0 = Debug|Any CPU
		{8E93DD51-F64C-4B05-8480-838AC4A759A5}.Debug|x86.ActiveCfg = Debug|Any CPU
		{8E93DD51-F64C-4B05-8480-838AC4A759A5}.Debug|x86.Build.0 = Debug|Any CPU
		{8E93DD51-F64C-4B05-8480-838AC4A759A5}.Release|Any CPU.ActiveCfg = Release|Any CPU
		{8E93DD51-F64C-4B05-8480-838AC4A759A5}.Release|Any CPU.Build.0 = Release|Any CPU
		{8E93DD51-F64C-4B05-8480-838AC4A759A5}.Release|x64.ActiveCfg = Release|Any CPU
		{8E93DD51-F64C-4B05-8480-838AC4A759A5}.Release|x64.Build.0 = Release|Any CPU
		{8E93DD51-F64C-4B05-8480-838AC4A759A5}.Release|x86.ActiveCfg = Release|Any CPU
		{8E93DD51-F64C-4B05-8480-838AC4A759A5}.Release|x86.Build.0 = Release|Any CPU
	EndGlobalSection
	GlobalSection(SolutionProperties) = preSolution
		HideSolutionNode = FALSE
	EndGlobalSection
EndGlobal
